dependencies:
- name: kmcp
  repository: oci://ghcr.io/kagent-dev/kmcp/helm
  version: 0.1.5
- name: kagent
  repository: oci://ghcr.io/kagent-dev/kagent/helm
  version: 0.6.2
digest: sha256:3544304f9eabd158939470a0d932b9c9006837adf95e2048bb1fab8f78b99fd8
generated: "2025-08-21T12:59:17.018105+02:00"
