dependencies:
- name: mimir-distributed
  repository: https://grafana.github.io/helm-charts
  version: 2.1.0
- name: mimir-mixin
  repository: https://charts.portefaix.xyz/
  version: 0.1.0
digest: sha256:8cf145828849152cdad13f8f82d936073f5169b9c640b700da4c249404f4508b
generated: "2022-07-01T09:01:35.50669589+02:00"
